# THIS IS AN AUTOGENERATED FILE. DO NOT EDIT THIS FILE DIRECTLY.
# yarn lockfile v1


"@types/node@^12.7.1":
  version "12.12.25"
  resolved "https://registry.npm.taobao.org/@types/node/download/@types/node-12.12.25.tgz#792c0afb798f1dd681dce9c4b4c431f7245a0a42"
  integrity sha1-eSwK+3mPHdaB3OnEtMQx9yRaCkI=
